version = 1
requires-python = ">=3.13"

[[package]]
name = "copynator"
version = "0.1.0"
source = { virtual = "." }
dependencies = [
    { name = "pyperclip" },
]

[package.metadata]
requires-dist = [{ name = "pyperclip", specifier = "==1.8.2" }]

[[package]]
name = "pyperclip"
version = "1.8.2"
source = { registry = "https://pypi.org/simple" }
sdist = { url = "https://files.pythonhosted.org/packages/a7/2c/4c64579f847bd5d539803c8b909e54ba087a79d01bb3aba433a95879a6c5/pyperclip-1.8.2.tar.gz", hash = "sha256:105254a8b04934f0bc84e9c24eb360a591aaf6535c9def5f29d92af107a9bf57", size = 20920 }
